Microsoft Visual Studio Solution File, Format Version 11.00
# Visual Studio 2008

Project("{60FBD91D-1A62-011B-FA5F-D3449947B666}") = "TowerDefense", "Assembly-CSharp-firstpass.csproj", "{21EA18CC-2A22-285D-1CA4-EFE21EFA99D3}"
EndProject
Project("{60FBD91D-1A62-011B-FA5F-D3449947B666}") = "TowerDefense", "Assembly-CSharp.csproj", "{17BB7AF0-A1AD-DCE4-09CE-1D3A3635465B}"
EndProject
Project("{60FBD91D-1A62-011B-FA5F-D3449947B666}") = "TowerDefense", "Assembly-CSharp-Editor.csproj", "{5B0839AC-493A-789D-F07F-9FFD49BD7BE2}"
EndProject
Global
	GlobalSection(SolutionConfigurationPlatforms) = preSolution
		Debug|Any CPU = Debug|Any CPU
		Release|Any CPU = Release|Any CPU
	EndGlobalSection
	GlobalSection(ProjectConfigurationPlatforms) = postSolution
		{21EA18CC-2A22-285D-1CA4-EFE21EFA99D3}.Debug|Any CPU.ActiveCfg = Debug|Any CPU
		{21EA18CC-2A22-285D-1CA4-EFE21EFA99D3}.Debug|Any CPU.Build.0 = Debug|Any CPU
		{21EA18CC-2A22-285D-1CA4-EFE21EFA99D3}.Release|Any CPU.ActiveCfg = Release|Any CPU
		{21EA18CC-2A22-285D-1CA4-EFE21EFA99D3}.Release|Any CPU.Build.0 = Release|Any CPU
		{17BB7AF0-A1AD-DCE4-09CE-1D3A3635465B}.Debug|Any CPU.ActiveCfg = Debug|Any CPU
		{17BB7AF0-A1AD-DCE4-09CE-1D3A3635465B}.Debug|Any CPU.Build.0 = Debug|Any CPU
		{17BB7AF0-A1AD-DCE4-09CE-1D3A3635465B}.Release|Any CPU.ActiveCfg = Release|Any CPU
		{17BB7AF0-A1AD-DCE4-09CE-1D3A3635465B}.Release|Any CPU.Build.0 = Release|Any CPU
		{5B0839AC-493A-789D-F07F-9FFD49BD7BE2}.Debug|Any CPU.ActiveCfg = Debug|Any CPU
		{5B0839AC-493A-789D-F07F-9FFD49BD7BE2}.Debug|Any CPU.Build.0 = Debug|Any CPU
		{5B0839AC-493A-789D-F07F-9FFD49BD7BE2}.Release|Any CPU.ActiveCfg = Release|Any CPU
		{5B0839AC-493A-789D-F07F-9FFD49BD7BE2}.Release|Any CPU.Build.0 = Release|Any CPU
	EndGlobalSection
	GlobalSection(SolutionProperties) = preSolution
		HideSolutionNode = FALSE
	EndGlobalSection
	GlobalSection(MonoDevelopProperties) = preSolution
		StartupItem = Assembly-CSharp.csproj
	EndGlobalSection
EndGlobal
